<?xml version="1.0" encoding="utf-8"?>
<Project ToolsVersion="17.0" xmlns="http://schemas.microsoft.com/developer/msbuild/2003">
  <ItemGroup>
    <ClCompile Include="C:\Users\mavad\Documents\GitHub\tlsh\test\simple_unittest.cpp">
      <Filter>Source Files</Filter>
    </ClCompile>
  </ItemGroup>
  <ItemGroup>
    <CustomBuild Include="C:\Users\mavad\Documents\GitHub\tlsh\test\CMakeLists.txt" />
  </ItemGroup>
  <ItemGroup>
    <Filter Include="Source Files">
      <UniqueIdentifier>{63768929-454A-3F49-A1D3-E0EE9272BC03}</UniqueIdentifier>
    </Filter>
  </ItemGroup>
</Project>
